
Microsoft Visual Studio Solution File, Format Version 12.00
# Visual Studio Version 16
VisualStudioVersion = 16.0.30225.117
MinimumVisualStudioVersion = 10.0.40219.1
Project("{FAE04EC0-301F-11D3-BF4B-00C04F79EFBC}") = "Tukxel", "Tukxel.csproj", "{84AF34EE-ECE6-463A-888C-A99D3C13630E}"
EndProject
Global
	GlobalSection(SolutionConfigurationPlatforms) = preSolution
		Debug|Any CPU = Debug|Any CPU
		Release|Any CPU = Release|Any CPU
	EndGlobalSection
	GlobalSection(ProjectConfigurationPlatforms) = postSolution
		{84AF34EE-ECE6-463A-888C-A99D3C13630E}.Debug|Any CPU.ActiveCfg = Debug|Any CPU
		{84AF34EE-ECE6-463A-888C-A99D3C13630E}.Debug|Any CPU.Build.0 = Debug|Any CPU
		{84AF34EE-ECE6-463A-888C-A99D3C13630E}.Release|Any CPU.ActiveCfg = Release|Any CPU
		{84AF34EE-ECE6-463A-888C-A99D3C13630E}.Release|Any CPU.Build.0 = Release|Any CPU
	EndGlobalSection
	GlobalSection(SolutionProperties) = preSolution
		HideSolutionNode = FALSE
	EndGlobalSection
	GlobalSection(ExtensibilityGlobals) = postSolution
		SolutionGuid = {7DCE69F3-E591-474E-AB90-F8E4222D3D11}
	EndGlobalSection
EndGlobal
